// !$*UTF8*$!
{
	archiveVersion = 1;
	classes = {
	};
	objectVersion = 56;
	objects = {

/* Begin PBXBuildFile section */
		157020BF1CE3D248C6D2E389 /* Pods_WeatherApp.framework in Frameworks */ = {isa = PBXBuildFile; fileRef = 77CCB734EB4AD5C59853FE61 /* Pods_WeatherApp.framework */; };
		228127D42A5D9DD400C3ECFF /* ForecastTableViewHeaderFooterView.swift in Sources */ = {isa = PBXBuildFile; fileRef = 228127D32A5D9DD400C3ECFF /* ForecastTableViewHeaderFooterView.swift */; };
		228127D62A5E871400C3ECFF /* TableViewRegistrar.swift in Sources */ = {isa = PBXBuildFile; fileRef = 228127D52A5E871400C3ECFF /* TableViewRegistrar.swift */; };
		228127DE2A6151A500C3ECFF /* swiftgen-config.yml in Resources */ = {isa = PBXBuildFile; fileRef = 228127DC2A6151A500C3ECFF /* swiftgen-config.yml */; };
		228127DF2A6151A500C3ECFF /* Localizable.strings in Resources */ = {isa = PBXBuildFile; fileRef = 228127DD2A6151A500C3ECFF /* Localizable.strings */; };
		228127E22A61591600C3ECFF /* Images.xcassets in Resources */ = {isa = PBXBuildFile; fileRef = 228127E12A61591600C3ECFF /* Images.xcassets */; };
		228127E42A61592800C3ECFF /* Colors.xcassets in Resources */ = {isa = PBXBuildFile; fileRef = 228127E32A61592800C3ECFF /* Colors.xcassets */; };
		228127F52A65D3B000C3ECFF /* Colors.swift in Sources */ = {isa = PBXBuildFile; fileRef = 228127F12A65D3AF00C3ECFF /* Colors.swift */; };
		228127F62A65D3B000C3ECFF /* Images.swift in Sources */ = {isa = PBXBuildFile; fileRef = 228127F22A65D3B000C3ECFF /* Images.swift */; };
		228127F72A65D3B000C3ECFF /* L10n-Constants.swift in Sources */ = {isa = PBXBuildFile; fileRef = 228127F32A65D3B000C3ECFF /* L10n-Constants.swift */; };
		228127F82A65D3B000C3ECFF /* Fonts.swift in Sources */ = {isa = PBXBuildFile; fileRef = 228127F42A65D3B000C3ECFF /* Fonts.swift */; };
		228127F92A65D52300C3ECFF /* SFPRODISPLAYBLACKITALIC.OTF in Resources */ = {isa = PBXBuildFile; fileRef = 228127EA2A61759700C3ECFF /* SFPRODISPLAYBLACKITALIC.OTF */; };
		228127FA2A65D52B00C3ECFF /* SFPRODISPLAYBOLD.OTF in Resources */ = {isa = PBXBuildFile; fileRef = 228127E82A61759700C3ECFF /* SFPRODISPLAYBOLD.OTF */; };
		228127FB2A65D52D00C3ECFF /* SFPRODISPLAYHEAVYITALIC.OTF in Resources */ = {isa = PBXBuildFile; fileRef = 228127EC2A61759700C3ECFF /* SFPRODISPLAYHEAVYITALIC.OTF */; };
		228127FC2A65D53200C3ECFF /* SFPRODISPLAYLIGHTITALIC.OTF in Resources */ = {isa = PBXBuildFile; fileRef = 228127ED2A61759700C3ECFF /* SFPRODISPLAYLIGHTITALIC.OTF */; };
		228127FD2A65D53500C3ECFF /* SFPRODISPLAYMEDIUM.OTF in Resources */ = {isa = PBXBuildFile; fileRef = 228127E72A61759700C3ECFF /* SFPRODISPLAYMEDIUM.OTF */; };
		228127FE2A65D53800C3ECFF /* SFPRODISPLAYREGULAR.OTF in Resources */ = {isa = PBXBuildFile; fileRef = 228127EB2A61759700C3ECFF /* SFPRODISPLAYREGULAR.OTF */; };
		228127FF2A65D53A00C3ECFF /* SFPRODISPLAYSEMIBOLDITALIC.OTF in Resources */ = {isa = PBXBuildFile; fileRef = 228127E52A61759700C3ECFF /* SFPRODISPLAYSEMIBOLDITALIC.OTF */; };
		228128002A65D53E00C3ECFF /* SFPRODISPLAYTHINITALIC.OTF in Resources */ = {isa = PBXBuildFile; fileRef = 228127E62A61759700C3ECFF /* SFPRODISPLAYTHINITALIC.OTF */; };
		228128012A65D54600C3ECFF /* SFPRODISPLAYULTRALIGHTITALIC.OTF in Resources */ = {isa = PBXBuildFile; fileRef = 228127E92A61759700C3ECFF /* SFPRODISPLAYULTRALIGHTITALIC.OTF */; };
		22A4D0702A40802B00A06E4F /* AppDelegate.swift in Sources */ = {isa = PBXBuildFile; fileRef = 22A4D06F2A40802B00A06E4F /* AppDelegate.swift */; };
		22A4D0792A40802B00A06E4F /* Assets.xcassets in Resources */ = {isa = PBXBuildFile; fileRef = 22A4D0782A40802B00A06E4F /* Assets.xcassets */; };
		22A4D07C2A40802B00A06E4F /* LaunchScreen.storyboard in Resources */ = {isa = PBXBuildFile; fileRef = 22A4D07A2A40802B00A06E4F /* LaunchScreen.storyboard */; };
		22A4D0862A40827800A06E4F /* Coordinator.swift in Sources */ = {isa = PBXBuildFile; fileRef = 22A4D0852A40827800A06E4F /* Coordinator.swift */; };
		22A4D08F2A41AC0300A06E4F /* ForecastViewController.swift in Sources */ = {isa = PBXBuildFile; fileRef = 22A4D08D2A41AC0300A06E4F /* ForecastViewController.swift */; };
		22A4D0902A41AC0300A06E4F /* ForecastViewController.xib in Resources */ = {isa = PBXBuildFile; fileRef = 22A4D08E2A41AC0300A06E4F /* ForecastViewController.xib */; };
		22A4D0922A41AC3300A06E4F /* ForecastView.swift in Sources */ = {isa = PBXBuildFile; fileRef = 22A4D0912A41AC3300A06E4F /* ForecastView.swift */; };
		22A4D0962A41ADDD00A06E4F /* ForecastTableViewCell.swift in Sources */ = {isa = PBXBuildFile; fileRef = 22A4D0942A41ADDD00A06E4F /* ForecastTableViewCell.swift */; };
		22A4D0972A41ADDD00A06E4F /* ForecastTableViewCell.xib in Resources */ = {isa = PBXBuildFile; fileRef = 22A4D0952A41ADDD00A06E4F /* ForecastTableViewCell.xib */; };
		22A4D09B2A41AE5A00A06E4F /* UViewController+ViewCast.swift in Sources */ = {isa = PBXBuildFile; fileRef = 22A4D09A2A41AE5A00A06E4F /* UViewController+ViewCast.swift */; };
		22A4D09D2A41AE7F00A06E4F /* TableView+ReusableCell.swift in Sources */ = {isa = PBXBuildFile; fileRef = 22A4D09C2A41AE7F00A06E4F /* TableView+ReusableCell.swift */; };
		22A4D0A02A42E94F00A06E4F /* ForecastModel.swift in Sources */ = {isa = PBXBuildFile; fileRef = 22A4D09F2A42E94F00A06E4F /* ForecastModel.swift */; };
		22A4D0A42A42EE5E00A06E4F /* NetworkManager.swift in Sources */ = {isa = PBXBuildFile; fileRef = 22A4D0A32A42EE5E00A06E4F /* NetworkManager.swift */; };
		22A4D0AA2A431EF400A06E4F /* NetworkSessionProcessableProtocol.swift in Sources */ = {isa = PBXBuildFile; fileRef = 22A4D0A92A431EF400A06E4F /* NetworkSessionProcessableProtocol.swift */; };
		22A4D0AC2A431F2400A06E4F /* NetworkRequestModel.swift in Sources */ = {isa = PBXBuildFile; fileRef = 22A4D0AB2A431F2400A06E4F /* NetworkRequestModel.swift */; };
		22A4D0AF2A4324F000A06E4F /* ServerConstants.swift in Sources */ = {isa = PBXBuildFile; fileRef = 22A4D0AE2A4324F000A06E4F /* ServerConstants.swift */; };
		22A4D0B12A4325E600A06E4F /* F.swift in Sources */ = {isa = PBXBuildFile; fileRef = 22A4D0B02A4325E600A06E4F /* F.swift */; };
		22A4D0B32A4C73F800A06E4F /* Array+SplitByIndex.swift in Sources */ = {isa = PBXBuildFile; fileRef = 22A4D0B22A4C73F800A06E4F /* Array+SplitByIndex.swift */; };
		22B80CA42A6EABB1006DE713 /* HourlyForecastView.swift in Sources */ = {isa = PBXBuildFile; fileRef = 22B80CA32A6EABB1006DE713 /* HourlyForecastView.swift */; };
		22B80CA72A6EAED2006DE713 /* CollectionView+ReusableCell.swift in Sources */ = {isa = PBXBuildFile; fileRef = 22B80CA62A6EAED2006DE713 /* CollectionView+ReusableCell.swift */; };
		22B80CAA2A6EB012006DE713 /* HourlyForecastViewCell.swift in Sources */ = {isa = PBXBuildFile; fileRef = 22B80CA82A6EB012006DE713 /* HourlyForecastViewCell.swift */; };
		22B80CAB2A6EB012006DE713 /* HourlyForecastViewCell.xib in Resources */ = {isa = PBXBuildFile; fileRef = 22B80CA92A6EB012006DE713 /* HourlyForecastViewCell.xib */; };
		22B80CAD2A711976006DE713 /* DateFormatter+Extensions.swift in Sources */ = {isa = PBXBuildFile; fileRef = 22B80CAC2A711976006DE713 /* DateFormatter+Extensions.swift */; };
		22B80CAF2A7273EB006DE713 /* TemperatureConverter.swift in Sources */ = {isa = PBXBuildFile; fileRef = 22B80CAE2A7273EB006DE713 /* TemperatureConverter.swift */; };
		22B80CB22A727DF4006DE713 /* TimeConverter.swift in Sources */ = {isa = PBXBuildFile; fileRef = 22B80CB12A727DF4006DE713 /* TimeConverter.swift */; };
/* End PBXBuildFile section */

/* Begin PBXFileReference section */
		228127D32A5D9DD400C3ECFF /* ForecastTableViewHeaderFooterView.swift */ = {isa = PBXFileReference; lastKnownFileType = sourcecode.swift; path = ForecastTableViewHeaderFooterView.swift; sourceTree = "<group>"; };
		228127D52A5E871400C3ECFF /* TableViewRegistrar.swift */ = {isa = PBXFileReference; lastKnownFileType = sourcecode.swift; path = TableViewRegistrar.swift; sourceTree = "<group>"; };
		228127DC2A6151A500C3ECFF /* swiftgen-config.yml */ = {isa = PBXFileReference; fileEncoding = 4; lastKnownFileType = text.yaml; path = "swiftgen-config.yml"; sourceTree = "<group>"; };
		228127DD2A6151A500C3ECFF /* Localizable.strings */ = {isa = PBXFileReference; fileEncoding = 4; lastKnownFileType = text.plist.strings; path = Localizable.strings; sourceTree = "<group>"; };
		228127E12A61591600C3ECFF /* Images.xcassets */ = {isa = PBXFileReference; lastKnownFileType = folder.assetcatalog; path = Images.xcassets; sourceTree = "<group>"; };
		228127E32A61592800C3ECFF /* Colors.xcassets */ = {isa = PBXFileReference; lastKnownFileType = folder.assetcatalog; path = Colors.xcassets; sourceTree = "<group>"; };
		228127E52A61759700C3ECFF /* SFPRODISPLAYSEMIBOLDITALIC.OTF */ = {isa = PBXFileReference; lastKnownFileType = file; path = SFPRODISPLAYSEMIBOLDITALIC.OTF; sourceTree = "<group>"; };
		228127E62A61759700C3ECFF /* SFPRODISPLAYTHINITALIC.OTF */ = {isa = PBXFileReference; lastKnownFileType = file; path = SFPRODISPLAYTHINITALIC.OTF; sourceTree = "<group>"; };
		228127E72A61759700C3ECFF /* SFPRODISPLAYMEDIUM.OTF */ = {isa = PBXFileReference; lastKnownFileType = file; path = SFPRODISPLAYMEDIUM.OTF; sourceTree = "<group>"; };
		228127E82A61759700C3ECFF /* SFPRODISPLAYBOLD.OTF */ = {isa = PBXFileReference; lastKnownFileType = file; path = SFPRODISPLAYBOLD.OTF; sourceTree = "<group>"; };
		228127E92A61759700C3ECFF /* SFPRODISPLAYULTRALIGHTITALIC.OTF */ = {isa = PBXFileReference; lastKnownFileType = file; path = SFPRODISPLAYULTRALIGHTITALIC.OTF; sourceTree = "<group>"; };
		228127EA2A61759700C3ECFF /* SFPRODISPLAYBLACKITALIC.OTF */ = {isa = PBXFileReference; lastKnownFileType = file; path = SFPRODISPLAYBLACKITALIC.OTF; sourceTree = "<group>"; };
		228127EB2A61759700C3ECFF /* SFPRODISPLAYREGULAR.OTF */ = {isa = PBXFileReference; lastKnownFileType = file; path = SFPRODISPLAYREGULAR.OTF; sourceTree = "<group>"; };
		228127EC2A61759700C3ECFF /* SFPRODISPLAYHEAVYITALIC.OTF */ = {isa = PBXFileReference; lastKnownFileType = file; path = SFPRODISPLAYHEAVYITALIC.OTF; sourceTree = "<group>"; };
		228127ED2A61759700C3ECFF /* SFPRODISPLAYLIGHTITALIC.OTF */ = {isa = PBXFileReference; lastKnownFileType = file; path = SFPRODISPLAYLIGHTITALIC.OTF; sourceTree = "<group>"; };
		228127F12A65D3AF00C3ECFF /* Colors.swift */ = {isa = PBXFileReference; fileEncoding = 4; lastKnownFileType = sourcecode.swift; path = Colors.swift; sourceTree = "<group>"; };
		228127F22A65D3B000C3ECFF /* Images.swift */ = {isa = PBXFileReference; fileEncoding = 4; lastKnownFileType = sourcecode.swift; path = Images.swift; sourceTree = "<group>"; };
		228127F32A65D3B000C3ECFF /* L10n-Constants.swift */ = {isa = PBXFileReference; fileEncoding = 4; lastKnownFileType = sourcecode.swift; path = "L10n-Constants.swift"; sourceTree = "<group>"; };
		228127F42A65D3B000C3ECFF /* Fonts.swift */ = {isa = PBXFileReference; fileEncoding = 4; lastKnownFileType = sourcecode.swift; path = Fonts.swift; sourceTree = "<group>"; };
		22A4D06C2A40802B00A06E4F /* WeatherApp.app */ = {isa = PBXFileReference; explicitFileType = wrapper.application; includeInIndex = 0; path = WeatherApp.app; sourceTree = BUILT_PRODUCTS_DIR; };
		22A4D06F2A40802B00A06E4F /* AppDelegate.swift */ = {isa = PBXFileReference; lastKnownFileType = sourcecode.swift; path = AppDelegate.swift; sourceTree = "<group>"; };
		22A4D0782A40802B00A06E4F /* Assets.xcassets */ = {isa = PBXFileReference; lastKnownFileType = folder.assetcatalog; path = Assets.xcassets; sourceTree = "<group>"; };
		22A4D07B2A40802B00A06E4F /* Base */ = {isa = PBXFileReference; lastKnownFileType = file.storyboard; name = Base; path = Base.lproj/LaunchScreen.storyboard; sourceTree = "<group>"; };
		22A4D07D2A40802B00A06E4F /* Info.plist */ = {isa = PBXFileReference; lastKnownFileType = text.plist.xml; path = Info.plist; sourceTree = "<group>"; };
		22A4D0852A40827800A06E4F /* Coordinator.swift */ = {isa = PBXFileReference; lastKnownFileType = sourcecode.swift; path = Coordinator.swift; sourceTree = "<group>"; };
		22A4D08D2A41AC0300A06E4F /* ForecastViewController.swift */ = {isa = PBXFileReference; lastKnownFileType = sourcecode.swift; path = ForecastViewController.swift; sourceTree = "<group>"; };
		22A4D08E2A41AC0300A06E4F /* ForecastViewController.xib */ = {isa = PBXFileReference; lastKnownFileType = file.xib; path = ForecastViewController.xib; sourceTree = "<group>"; };
		22A4D0912A41AC3300A06E4F /* ForecastView.swift */ = {isa = PBXFileReference; lastKnownFileType = sourcecode.swift; path = ForecastView.swift; sourceTree = "<group>"; };
		22A4D0942A41ADDD00A06E4F /* ForecastTableViewCell.swift */ = {isa = PBXFileReference; lastKnownFileType = sourcecode.swift; path = ForecastTableViewCell.swift; sourceTree = "<group>"; };
		22A4D0952A41ADDD00A06E4F /* ForecastTableViewCell.xib */ = {isa = PBXFileReference; lastKnownFileType = file.xib; path = ForecastTableViewCell.xib; sourceTree = "<group>"; };
		22A4D09A2A41AE5A00A06E4F /* UViewController+ViewCast.swift */ = {isa = PBXFileReference; lastKnownFileType = sourcecode.swift; path = "UViewController+ViewCast.swift"; sourceTree = "<group>"; };
		22A4D09C2A41AE7F00A06E4F /* TableView+ReusableCell.swift */ = {isa = PBXFileReference; lastKnownFileType = sourcecode.swift; path = "TableView+ReusableCell.swift"; sourceTree = "<group>"; };
		22A4D09F2A42E94F00A06E4F /* ForecastModel.swift */ = {isa = PBXFileReference; lastKnownFileType = sourcecode.swift; path = ForecastModel.swift; sourceTree = "<group>"; };
		22A4D0A32A42EE5E00A06E4F /* NetworkManager.swift */ = {isa = PBXFileReference; lastKnownFileType = sourcecode.swift; path = NetworkManager.swift; sourceTree = "<group>"; };
		22A4D0A92A431EF400A06E4F /* NetworkSessionProcessableProtocol.swift */ = {isa = PBXFileReference; lastKnownFileType = sourcecode.swift; path = NetworkSessionProcessableProtocol.swift; sourceTree = "<group>"; };
		22A4D0AB2A431F2400A06E4F /* NetworkRequestModel.swift */ = {isa = PBXFileReference; lastKnownFileType = sourcecode.swift; path = NetworkRequestModel.swift; sourceTree = "<group>"; };
		22A4D0AE2A4324F000A06E4F /* ServerConstants.swift */ = {isa = PBXFileReference; lastKnownFileType = sourcecode.swift; path = ServerConstants.swift; sourceTree = "<group>"; };
		22A4D0B02A4325E600A06E4F /* F.swift */ = {isa = PBXFileReference; lastKnownFileType = sourcecode.swift; path = F.swift; sourceTree = "<group>"; };
		22A4D0B22A4C73F800A06E4F /* Array+SplitByIndex.swift */ = {isa = PBXFileReference; lastKnownFileType = sourcecode.swift; path = "Array+SplitByIndex.swift"; sourceTree = "<group>"; };
		22B80CA32A6EABB1006DE713 /* HourlyForecastView.swift */ = {isa = PBXFileReference; lastKnownFileType = sourcecode.swift; path = HourlyForecastView.swift; sourceTree = "<group>"; };
		22B80CA62A6EAED2006DE713 /* CollectionView+ReusableCell.swift */ = {isa = PBXFileReference; lastKnownFileType = sourcecode.swift; path = "CollectionView+ReusableCell.swift"; sourceTree = "<group>"; };
		22B80CA82A6EB012006DE713 /* HourlyForecastViewCell.swift */ = {isa = PBXFileReference; lastKnownFileType = sourcecode.swift; path = HourlyForecastViewCell.swift; sourceTree = "<group>"; };
		22B80CA92A6EB012006DE713 /* HourlyForecastViewCell.xib */ = {isa = PBXFileReference; lastKnownFileType = file.xib; path = HourlyForecastViewCell.xib; sourceTree = "<group>"; };
		22B80CAC2A711976006DE713 /* DateFormatter+Extensions.swift */ = {isa = PBXFileReference; lastKnownFileType = sourcecode.swift; path = "DateFormatter+Extensions.swift"; sourceTree = "<group>"; };
		22B80CAE2A7273EB006DE713 /* TemperatureConverter.swift */ = {isa = PBXFileReference; lastKnownFileType = sourcecode.swift; path = TemperatureConverter.swift; sourceTree = "<group>"; };
		22B80CB12A727DF4006DE713 /* TimeConverter.swift */ = {isa = PBXFileReference; lastKnownFileType = sourcecode.swift; path = TimeConverter.swift; sourceTree = "<group>"; };
		77CCB734EB4AD5C59853FE61 /* Pods_WeatherApp.framework */ = {isa = PBXFileReference; explicitFileType = wrapper.framework; includeInIndex = 0; path = Pods_WeatherApp.framework; sourceTree = BUILT_PRODUCTS_DIR; };
		A71D7F53CE3E8B72C624EE5C /* Pods-WeatherApp.debug.xcconfig */ = {isa = PBXFileReference; includeInIndex = 1; lastKnownFileType = text.xcconfig; name = "Pods-WeatherApp.debug.xcconfig"; path = "Target Support Files/Pods-WeatherApp/Pods-WeatherApp.debug.xcconfig"; sourceTree = "<group>"; };
		B5C017E8FE04DD83C6653CA2 /* Pods-WeatherApp.release.xcconfig */ = {isa = PBXFileReference; includeInIndex = 1; lastKnownFileType = text.xcconfig; name = "Pods-WeatherApp.release.xcconfig"; path = "Target Support Files/Pods-WeatherApp/Pods-WeatherApp.release.xcconfig"; sourceTree = "<group>"; };
/* End PBXFileReference section */

/* Begin PBXFrameworksBuildPhase section */
		22A4D0692A40802B00A06E4F /* Frameworks */ = {
			isa = PBXFrameworksBuildPhase;
			buildActionMask = 2147483647;
			files = (
				157020BF1CE3D248C6D2E389 /* Pods_WeatherApp.framework in Frameworks */,
			);
			runOnlyForDeploymentPostprocessing = 0;
		};
/* End PBXFrameworksBuildPhase section */

/* Begin PBXGroup section */
		228127D12A5D9D7200C3ECFF /* ForecastViewController */ = {
			isa = PBXGroup;
			children = (
				22A4D08D2A41AC0300A06E4F /* ForecastViewController.swift */,
				22A4D0912A41AC3300A06E4F /* ForecastView.swift */,
				22A4D08E2A41AC0300A06E4F /* ForecastViewController.xib */,
			);
			path = ForecastViewController;
			sourceTree = "<group>";
		};
		228127D22A5D9D8B00C3ECFF /* ForecastTableVIewHeaderFooterView */ = {
			isa = PBXGroup;
			children = (
				228127D32A5D9DD400C3ECFF /* ForecastTableViewHeaderFooterView.swift */,
			);
			path = ForecastTableVIewHeaderFooterView;
			sourceTree = "<group>";
		};
		228127D72A614A9800C3ECFF /* Libs */ = {
			isa = PBXGroup;
			children = (
				228127D82A614AA600C3ECFF /* Resource */,
			);
			path = Libs;
			sourceTree = "<group>";
		};
		228127D82A614AA600C3ECFF /* Resource */ = {
			isa = PBXGroup;
			children = (
				228127E02A61589B00C3ECFF /* Fonts */,
				228127DD2A6151A500C3ECFF /* Localizable.strings */,
				228127DC2A6151A500C3ECFF /* swiftgen-config.yml */,
				228127DA2A614AC200C3ECFF /* Generated */,
				228127E12A61591600C3ECFF /* Images.xcassets */,
				228127E32A61592800C3ECFF /* Colors.xcassets */,
			);
			path = Resource;
			sourceTree = "<group>";
		};
		228127DA2A614AC200C3ECFF /* Generated */ = {
			isa = PBXGroup;
			children = (
				228127F12A65D3AF00C3ECFF /* Colors.swift */,
				228127F42A65D3B000C3ECFF /* Fonts.swift */,
				228127F22A65D3B000C3ECFF /* Images.swift */,
				228127F32A65D3B000C3ECFF /* L10n-Constants.swift */,
			);
			path = Generated;
			sourceTree = "<group>";
		};
		228127E02A61589B00C3ECFF /* Fonts */ = {
			isa = PBXGroup;
			children = (
				228127EA2A61759700C3ECFF /* SFPRODISPLAYBLACKITALIC.OTF */,
				228127E82A61759700C3ECFF /* SFPRODISPLAYBOLD.OTF */,
				228127EC2A61759700C3ECFF /* SFPRODISPLAYHEAVYITALIC.OTF */,
				228127ED2A61759700C3ECFF /* SFPRODISPLAYLIGHTITALIC.OTF */,
				228127E72A61759700C3ECFF /* SFPRODISPLAYMEDIUM.OTF */,
				228127EB2A61759700C3ECFF /* SFPRODISPLAYREGULAR.OTF */,
				228127E52A61759700C3ECFF /* SFPRODISPLAYSEMIBOLDITALIC.OTF */,
				228127E62A61759700C3ECFF /* SFPRODISPLAYTHINITALIC.OTF */,
				228127E92A61759700C3ECFF /* SFPRODISPLAYULTRALIGHTITALIC.OTF */,
			);
			path = Fonts;
			sourceTree = "<group>";
		};
		22A4D0632A40802B00A06E4F = {
			isa = PBXGroup;
			children = (
				22A4D06E2A40802B00A06E4F /* WeatherApp */,
				22A4D06D2A40802B00A06E4F /* Products */,
				915D80F1131820218EF83048 /* Pods */,
				48077878152F3EB6BC17CFB9 /* Frameworks */,
			);
			sourceTree = "<group>";
		};
		22A4D06D2A40802B00A06E4F /* Products */ = {
			isa = PBXGroup;
			children = (
				22A4D06C2A40802B00A06E4F /* WeatherApp.app */,
			);
			name = Products;
			sourceTree = "<group>";
		};
		22A4D06E2A40802B00A06E4F /* WeatherApp */ = {
			isa = PBXGroup;
			children = (
				228127D72A614A9800C3ECFF /* Libs */,
				22A4D0A12A42E9E500A06E4F /* Services */,
				22A4D0842A40825800A06E4F /* Coordinators */,
				22A4D0832A40825000A06E4F /* Source */,
				22A4D06F2A40802B00A06E4F /* AppDelegate.swift */,
				22A4D0782A40802B00A06E4F /* Assets.xcassets */,
				22A4D07A2A40802B00A06E4F /* LaunchScreen.storyboard */,
				22A4D07D2A40802B00A06E4F /* Info.plist */,
			);
			path = WeatherApp;
			sourceTree = "<group>";
		};
		22A4D0832A40825000A06E4F /* Source */ = {
			isa = PBXGroup;
			children = (
				22A4D09E2A42E91300A06E4F /* Models */,
				22A4D0982A41AE1E00A06E4F /* F */,
				22A4D0872A41AA5400A06E4F /* UI */,
			);
			path = Source;
			sourceTree = "<group>";
		};
		22A4D0842A40825800A06E4F /* Coordinators */ = {
			isa = PBXGroup;
			children = (
				22A4D0852A40827800A06E4F /* Coordinator.swift */,
			);
			path = Coordinators;
			sourceTree = "<group>";
		};
		22A4D0872A41AA5400A06E4F /* UI */ = {
			isa = PBXGroup;
			children = (
				22B80CA22A6EAAAB006DE713 /* Views */,
				22A4D0882A41AA7700A06E4F /* ViewControllers */,
			);
			path = UI;
			sourceTree = "<group>";
		};
		22A4D0882A41AA7700A06E4F /* ViewControllers */ = {
			isa = PBXGroup;
			children = (
				228127D22A5D9D8B00C3ECFF /* ForecastTableVIewHeaderFooterView */,
				22A4D0932A41ADB300A06E4F /* ForecastTableViewCell */,
				228127D12A5D9D7200C3ECFF /* ForecastViewController */,
			);
			path = ViewControllers;
			sourceTree = "<group>";
		};
		22A4D0932A41ADB300A06E4F /* ForecastTableViewCell */ = {
			isa = PBXGroup;
			children = (
				22A4D0942A41ADDD00A06E4F /* ForecastTableViewCell.swift */,
				22A4D0952A41ADDD00A06E4F /* ForecastTableViewCell.xib */,
			);
			path = ForecastTableViewCell;
			sourceTree = "<group>";
		};
		22A4D0982A41AE1E00A06E4F /* F */ = {
			isa = PBXGroup;
			children = (
				22A4D0A82A431ED500A06E4F /* Protocols */,
				22A4D0992A41AE3700A06E4F /* Extensions */,
				22A4D0B02A4325E600A06E4F /* F.swift */,
			);
			path = F;
			sourceTree = "<group>";
		};
		22A4D0992A41AE3700A06E4F /* Extensions */ = {
			isa = PBXGroup;
			children = (
				22A4D09A2A41AE5A00A06E4F /* UViewController+ViewCast.swift */,
				22A4D09C2A41AE7F00A06E4F /* TableView+ReusableCell.swift */,
				22A4D0B22A4C73F800A06E4F /* Array+SplitByIndex.swift */,
				228127D52A5E871400C3ECFF /* TableViewRegistrar.swift */,
				22B80CA62A6EAED2006DE713 /* CollectionView+ReusableCell.swift */,
				22B80CAC2A711976006DE713 /* DateFormatter+Extensions.swift */,
			);
			path = Extensions;
			sourceTree = "<group>";
		};
		22A4D09E2A42E91300A06E4F /* Models */ = {
			isa = PBXGroup;
			children = (
				22A4D09F2A42E94F00A06E4F /* ForecastModel.swift */,
				22A4D0AB2A431F2400A06E4F /* NetworkRequestModel.swift */,
			);
			path = Models;
			sourceTree = "<group>";
		};
		22A4D0A12A42E9E500A06E4F /* Services */ = {
			isa = PBXGroup;
			children = (
				22B80CB02A7274CF006DE713 /* Converters */,
				22A4D0A22A42E9EE00A06E4F /* Networking */,
			);
			path = Services;
			sourceTree = "<group>";
		};
		22A4D0A22A42E9EE00A06E4F /* Networking */ = {
			isa = PBXGroup;
			children = (
				22A4D0AD2A4324DE00A06E4F /* Service */,
				22A4D0A32A42EE5E00A06E4F /* NetworkManager.swift */,
			);
			path = Networking;
			sourceTree = "<group>";
		};
		22A4D0A82A431ED500A06E4F /* Protocols */ = {
			isa = PBXGroup;
			children = (
				22A4D0A92A431EF400A06E4F /* NetworkSessionProcessableProtocol.swift */,
			);
			path = Protocols;
			sourceTree = "<group>";
		};
		22A4D0AD2A4324DE00A06E4F /* Service */ = {
			isa = PBXGroup;
			children = (
				22A4D0AE2A4324F000A06E4F /* ServerConstants.swift */,
			);
			path = Service;
			sourceTree = "<group>";
		};
		22B80CA22A6EAAAB006DE713 /* Views */ = {
			isa = PBXGroup;
			children = (
				22B80CA32A6EABB1006DE713 /* HourlyForecastView.swift */,
				22B80CA82A6EB012006DE713 /* HourlyForecastViewCell.swift */,
				22B80CA92A6EB012006DE713 /* HourlyForecastViewCell.xib */,
			);
			path = Views;
			sourceTree = "<group>";
		};
		22B80CB02A7274CF006DE713 /* Converters */ = {
			isa = PBXGroup;
			children = (
				22B80CAE2A7273EB006DE713 /* TemperatureConverter.swift */,
				22B80CB12A727DF4006DE713 /* TimeConverter.swift */,
			);
			path = Converters;
			sourceTree = "<group>";
		};
		48077878152F3EB6BC17CFB9 /* Frameworks */ = {
			isa = PBXGroup;
			children = (
				77CCB734EB4AD5C59853FE61 /* Pods_WeatherApp.framework */,
			);
			name = Frameworks;
			sourceTree = "<group>";
		};
		915D80F1131820218EF83048 /* Pods */ = {
			isa = PBXGroup;
			children = (
				A71D7F53CE3E8B72C624EE5C /* Pods-WeatherApp.debug.xcconfig */,
				B5C017E8FE04DD83C6653CA2 /* Pods-WeatherApp.release.xcconfig */,
			);
			path = Pods;
			sourceTree = "<group>";
		};
/* End PBXGroup section */

/* Begin PBXNativeTarget section */
		22A4D06B2A40802B00A06E4F /* WeatherApp */ = {
			isa = PBXNativeTarget;
			buildConfigurationList = 22A4D0802A40802B00A06E4F /* Build configuration list for PBXNativeTarget "WeatherApp" */;
			buildPhases = (
				7CC328D1638FE562E464EA98 /* [CP] Check Pods Manifest.lock */,
				228127DB2A61503700C3ECFF /* SwiftGen */,
				22A4D0682A40802B00A06E4F /* Sources */,
				22A4D0692A40802B00A06E4F /* Frameworks */,
				22A4D06A2A40802B00A06E4F /* Resources */,
				F0A0004A4A5B13342BE2DDB1 /* [CP] Embed Pods Frameworks */,
			);
			buildRules = (
			);
			dependencies = (
			);
			name = WeatherApp;
			productName = WeatherApp;
			productReference = 22A4D06C2A40802B00A06E4F /* WeatherApp.app */;
			productType = "com.apple.product-type.application";
		};
/* End PBXNativeTarget section */

/* Begin PBXProject section */
		22A4D0642A40802B00A06E4F /* Project object */ = {
			isa = PBXProject;
			attributes = {
				BuildIndependentTargetsInParallel = 1;
				LastSwiftUpdateCheck = 1420;
				LastUpgradeCheck = 1420;
				TargetAttributes = {
					22A4D06B2A40802B00A06E4F = {
						CreatedOnToolsVersion = 14.2;
					};
				};
			};
			buildConfigurationList = 22A4D0672A40802B00A06E4F /* Build configuration list for PBXProject "WeatherApp" */;
			compatibilityVersion = "Xcode 14.0";
			developmentRegion = en;
			hasScannedForEncodings = 0;
			knownRegions = (
				en,
				Base,
			);
			mainGroup = 22A4D0632A40802B00A06E4F;
			productRefGroup = 22A4D06D2A40802B00A06E4F /* Products */;
			projectDirPath = "";
			projectRoot = "";
			targets = (
				22A4D06B2A40802B00A06E4F /* WeatherApp */,
			);
		};
/* End PBXProject section */

/* Begin PBXResourcesBuildPhase section */
		22A4D06A2A40802B00A06E4F /* Resources */ = {
			isa = PBXResourcesBuildPhase;
			buildActionMask = 2147483647;
			files = (
				22B80CAB2A6EB012006DE713 /* HourlyForecastViewCell.xib in Resources */,
				228127DE2A6151A500C3ECFF /* swiftgen-config.yml in Resources */,
				228127FF2A65D53A00C3ECFF /* SFPRODISPLAYSEMIBOLDITALIC.OTF in Resources */,
				228127FB2A65D52D00C3ECFF /* SFPRODISPLAYHEAVYITALIC.OTF in Resources */,
				228127F92A65D52300C3ECFF /* SFPRODISPLAYBLACKITALIC.OTF in Resources */,
				228127DF2A6151A500C3ECFF /* Localizable.strings in Resources */,
				228127FD2A65D53500C3ECFF /* SFPRODISPLAYMEDIUM.OTF in Resources */,
				228127E22A61591600C3ECFF /* Images.xcassets in Resources */,
				228127E42A61592800C3ECFF /* Colors.xcassets in Resources */,
				22A4D0972A41ADDD00A06E4F /* ForecastTableViewCell.xib in Resources */,
				22A4D07C2A40802B00A06E4F /* LaunchScreen.storyboard in Resources */,
				228128002A65D53E00C3ECFF /* SFPRODISPLAYTHINITALIC.OTF in Resources */,
				228127FC2A65D53200C3ECFF /* SFPRODISPLAYLIGHTITALIC.OTF in Resources */,
				228127FE2A65D53800C3ECFF /* SFPRODISPLAYREGULAR.OTF in Resources */,
				22A4D0902A41AC0300A06E4F /* ForecastViewController.xib in Resources */,
				228127FA2A65D52B00C3ECFF /* SFPRODISPLAYBOLD.OTF in Resources */,
				228128012A65D54600C3ECFF /* SFPRODISPLAYULTRALIGHTITALIC.OTF in Resources */,
				22A4D0792A40802B00A06E4F /* Assets.xcassets in Resources */,
			);
			runOnlyForDeploymentPostprocessing = 0;
		};
/* End PBXResourcesBuildPhase section */

/* Begin PBXShellScriptBuildPhase section */
		228127DB2A61503700C3ECFF /* SwiftGen */ = {
			isa = PBXShellScriptBuildPhase;
			alwaysOutOfDate = 1;
			buildActionMask = 2147483647;
			files = (
			);
			inputFileListPaths = (
			);
			inputPaths = (
			);
			name = SwiftGen;
			outputFileListPaths = (
			);
			outputPaths = (
			);
			runOnlyForDeploymentPostprocessing = 0;
			shellPath = /bin/sh;
			shellScript = "\"$PODS_ROOT/SwiftGen/bin/swiftgen\" config run --config \"$SRCROOT/WeatherApp/Libs/Resource/swiftgen-config.yml\"\n\n";
		};
		7CC328D1638FE562E464EA98 /* [CP] Check Pods Manifest.lock */ = {
			isa = PBXShellScriptBuildPhase;
			buildActionMask = 2147483647;
			files = (
			);
			inputFileListPaths = (
			);
			inputPaths = (
				"${PODS_PODFILE_DIR_PATH}/Podfile.lock",
				"${PODS_ROOT}/Manifest.lock",
			);
			name = "[CP] Check Pods Manifest.lock";
			outputFileListPaths = (
			);
			outputPaths = (
				"$(DERIVED_FILE_DIR)/Pods-WeatherApp-checkManifestLockResult.txt",
			);
			runOnlyForDeploymentPostprocessing = 0;
			shellPath = /bin/sh;
			shellScript = "diff \"${PODS_PODFILE_DIR_PATH}/Podfile.lock\" \"${PODS_ROOT}/Manifest.lock\" > /dev/null\nif [ $? != 0 ] ; then\n    # print error to STDERR\n    echo \"error: The sandbox is not in sync with the Podfile.lock. Run 'pod install' or update your CocoaPods installation.\" >&2\n    exit 1\nfi\n# This output is used by Xcode 'outputs' to avoid re-running this script phase.\necho \"SUCCESS\" > \"${SCRIPT_OUTPUT_FILE_0}\"\n";
			showEnvVarsInLog = 0;
		};
		F0A0004A4A5B13342BE2DDB1 /* [CP] Embed Pods Frameworks */ = {
			isa = PBXShellScriptBuildPhase;
			buildActionMask = 2147483647;
			files = (
			);
			inputFileListPaths = (
				"${PODS_ROOT}/Target Support Files/Pods-WeatherApp/Pods-WeatherApp-frameworks-${CONFIGURATION}-input-files.xcfilelist",
			);
			name = "[CP] Embed Pods Frameworks";
			outputFileListPaths = (
				"${PODS_ROOT}/Target Support Files/Pods-WeatherApp/Pods-WeatherApp-frameworks-${CONFIGURATION}-output-files.xcfilelist",
			);
			runOnlyForDeploymentPostprocessing = 0;
			shellPath = /bin/sh;
			shellScript = "\"${PODS_ROOT}/Target Support Files/Pods-WeatherApp/Pods-WeatherApp-frameworks.sh\"\n";
			showEnvVarsInLog = 0;
		};
/* End PBXShellScriptBuildPhase section */

/* Begin PBXSourcesBuildPhase section */
		22A4D0682A40802B00A06E4F /* Sources */ = {
			isa = PBXSourcesBuildPhase;
			buildActionMask = 2147483647;
			files = (
				22A4D0AC2A431F2400A06E4F /* NetworkRequestModel.swift in Sources */,
				22A4D0A42A42EE5E00A06E4F /* NetworkManager.swift in Sources */,
				22B80CAA2A6EB012006DE713 /* HourlyForecastViewCell.swift in Sources */,
				22B80CA42A6EABB1006DE713 /* HourlyForecastView.swift in Sources */,
				22A4D0AA2A431EF400A06E4F /* NetworkSessionProcessableProtocol.swift in Sources */,
				228127F52A65D3B000C3ECFF /* Colors.swift in Sources */,
				22A4D0862A40827800A06E4F /* Coordinator.swift in Sources */,
				22A4D0962A41ADDD00A06E4F /* ForecastTableViewCell.swift in Sources */,
				22A4D0702A40802B00A06E4F /* AppDelegate.swift in Sources */,
				22A4D09D2A41AE7F00A06E4F /* TableView+ReusableCell.swift in Sources */,
				22A4D08F2A41AC0300A06E4F /* ForecastViewController.swift in Sources */,
				228127F72A65D3B000C3ECFF /* L10n-Constants.swift in Sources */,
				22B80CAF2A7273EB006DE713 /* TemperatureConverter.swift in Sources */,
				22A4D0AF2A4324F000A06E4F /* ServerConstants.swift in Sources */,
				22A4D09B2A41AE5A00A06E4F /* UViewController+ViewCast.swift in Sources */,
				22B80CAD2A711976006DE713 /* DateFormatter+Extensions.swift in Sources */,
				22A4D0B12A4325E600A06E4F /* F.swift in Sources */,
				22B80CB22A727DF4006DE713 /* TimeConverter.swift in Sources */,
				22A4D0A02A42E94F00A06E4F /* ForecastModel.swift in Sources */,
				228127F62A65D3B000C3ECFF /* Images.swift in Sources */,
				228127D42A5D9DD400C3ECFF /* ForecastTableViewHeaderFooterView.swift in Sources */,
				228127F82A65D3B000C3ECFF /* Fonts.swift in Sources */,
				22A4D0B32A4C73F800A06E4F /* Array+SplitByIndex.swift in Sources */,
				228127D62A5E871400C3ECFF /* TableViewRegistrar.swift in Sources */,
				22A4D0922A41AC3300A06E4F /* ForecastView.swift in Sources */,
				22B80CA72A6EAED2006DE713 /* CollectionView+ReusableCell.swift in Sources */,
			);
			runOnlyForDeploymentPostprocessing = 0;
		};
/* End PBXSourcesBuildPhase section */

/* Begin PBXVariantGroup section */
		22A4D07A2A40802B00A06E4F /* LaunchScreen.storyboard */ = {
			isa = PBXVariantGroup;
			children = (
				22A4D07B2A40802B00A06E4F /* Base */,
			);
			name = LaunchScreen.storyboard;
			sourceTree = "<group>";
		};
/* End PBXVariantGroup section */

/* Begin XCBuildConfiguration section */
		22A4D07E2A40802B00A06E4F /* Debug */ = {
			isa = XCBuildConfiguration;
			buildSettings = {
				ALWAYS_SEARCH_USER_PATHS = NO;
				CLANG_ANALYZER_NONNULL = YES;
				CLANG_ANALYZER_NUMBER_OBJECT_CONVERSION = YES_AGGRESSIVE;
				CLANG_CXX_LANGUAGE_STANDARD = "gnu++20";
				CLANG_ENABLE_MODULES = YES;
				CLANG_ENABLE_OBJC_ARC = YES;
				CLANG_ENABLE_OBJC_WEAK = YES;
				CLANG_WARN_BLOCK_CAPTURE_AUTORELEASING = YES;
				CLANG_WARN_BOOL_CONVERSION = YES;
				CLANG_WARN_COMMA = YES;
				CLANG_WARN_CONSTANT_CONVERSION = YES;
				CLANG_WARN_DEPRECATED_OBJC_IMPLEMENTATIONS = YES;
				CLANG_WARN_DIRECT_OBJC_ISA_USAGE = YES_ERROR;
				CLANG_WARN_DOCUMENTATION_COMMENTS = YES;
				CLANG_WARN_EMPTY_BODY = YES;
				CLANG_WARN_ENUM_CONVERSION = YES;
				CLANG_WARN_INFINITE_RECURSION = YES;
				CLANG_WARN_INT_CONVERSION = YES;
				CLANG_WARN_NON_LITERAL_NULL_CONVERSION = YES;
				CLANG_WARN_OBJC_IMPLICIT_RETAIN_SELF = YES;
				CLANG_WARN_OBJC_LITERAL_CONVERSION = YES;
				CLANG_WARN_OBJC_ROOT_CLASS = YES_ERROR;
				CLANG_WARN_QUOTED_INCLUDE_IN_FRAMEWORK_HEADER = YES;
				CLANG_WARN_RANGE_LOOP_ANALYSIS = YES;
				CLANG_WARN_STRICT_PROTOTYPES = YES;
				CLANG_WARN_SUSPICIOUS_MOVE = YES;
				CLANG_WARN_UNGUARDED_AVAILABILITY = YES_AGGRESSIVE;
				CLANG_WARN_UNREACHABLE_CODE = YES;
				CLANG_WARN__DUPLICATE_METHOD_MATCH = YES;
				COPY_PHASE_STRIP = NO;
				DEBUG_INFORMATION_FORMAT = dwarf;
				ENABLE_STRICT_OBJC_MSGSEND = YES;
				ENABLE_TESTABILITY = YES;
				GCC_C_LANGUAGE_STANDARD = gnu11;
				GCC_DYNAMIC_NO_PIC = NO;
				GCC_NO_COMMON_BLOCKS = YES;
				GCC_OPTIMIZATION_LEVEL = 0;
				GCC_PREPROCESSOR_DEFINITIONS = (
					"DEBUG=1",
					"$(inherited)",
				);
				GCC_WARN_64_TO_32_BIT_CONVERSION = YES;
				GCC_WARN_ABOUT_RETURN_TYPE = YES_ERROR;
				GCC_WARN_UNDECLARED_SELECTOR = YES;
				GCC_WARN_UNINITIALIZED_AUTOS = YES_AGGRESSIVE;
				GCC_WARN_UNUSED_FUNCTION = YES;
				GCC_WARN_UNUSED_VARIABLE = YES;
				IPHONEOS_DEPLOYMENT_TARGET = 16.2;
				MTL_ENABLE_DEBUG_INFO = INCLUDE_SOURCE;
				MTL_FAST_MATH = YES;
				ONLY_ACTIVE_ARCH = YES;
				SDKROOT = iphoneos;
				SWIFT_ACTIVE_COMPILATION_CONDITIONS = DEBUG;
				SWIFT_OPTIMIZATION_LEVEL = "-Onone";
			};
			name = Debug;
		};
		22A4D07F2A40802B00A06E4F /* Release */ = {
			isa = XCBuildConfiguration;
			buildSettings = {
				ALWAYS_SEARCH_USER_PATHS = NO;
				CLANG_ANALYZER_NONNULL = YES;
				CLANG_ANALYZER_NUMBER_OBJECT_CONVERSION = YES_AGGRESSIVE;
				CLANG_CXX_LANGUAGE_STANDARD = "gnu++20";
				CLANG_ENABLE_MODULES = YES;
				CLANG_ENABLE_OBJC_ARC = YES;
				CLANG_ENABLE_OBJC_WEAK = YES;
				CLANG_WARN_BLOCK_CAPTURE_AUTORELEASING = YES;
				CLANG_WARN_BOOL_CONVERSION = YES;
				CLANG_WARN_COMMA = YES;
				CLANG_WARN_CONSTANT_CONVERSION = YES;
				CLANG_WARN_DEPRECATED_OBJC_IMPLEMENTATIONS = YES;
				CLANG_WARN_DIRECT_OBJC_ISA_USAGE = YES_ERROR;
				CLANG_WARN_DOCUMENTATION_COMMENTS = YES;
				CLANG_WARN_EMPTY_BODY = YES;
				CLANG_WARN_ENUM_CONVERSION = YES;
				CLANG_WARN_INFINITE_RECURSION = YES;
				CLANG_WARN_INT_CONVERSION = YES;
				CLANG_WARN_NON_LITERAL_NULL_CONVERSION = YES;
				CLANG_WARN_OBJC_IMPLICIT_RETAIN_SELF = YES;
				CLANG_WARN_OBJC_LITERAL_CONVERSION = YES;
				CLANG_WARN_OBJC_ROOT_CLASS = YES_ERROR;
				CLANG_WARN_QUOTED_INCLUDE_IN_FRAMEWORK_HEADER = YES;
				CLANG_WARN_RANGE_LOOP_ANALYSIS = YES;
				CLANG_WARN_STRICT_PROTOTYPES = YES;
				CLANG_WARN_SUSPICIOUS_MOVE = YES;
				CLANG_WARN_UNGUARDED_AVAILABILITY = YES_AGGRESSIVE;
				CLANG_WARN_UNREACHABLE_CODE = YES;
				CLANG_WARN__DUPLICATE_METHOD_MATCH = YES;
				COPY_PHASE_STRIP = NO;
				DEBUG_INFORMATION_FORMAT = "dwarf-with-dsym";
				ENABLE_NS_ASSERTIONS = NO;
				ENABLE_STRICT_OBJC_MSGSEND = YES;
				GCC_C_LANGUAGE_STANDARD = gnu11;
				GCC_NO_COMMON_BLOCKS = YES;
				GCC_WARN_64_TO_32_BIT_CONVERSION = YES;
				GCC_WARN_ABOUT_RETURN_TYPE = YES_ERROR;
				GCC_WARN_UNDECLARED_SELECTOR = YES;
				GCC_WARN_UNINITIALIZED_AUTOS = YES_AGGRESSIVE;
				GCC_WARN_UNUSED_FUNCTION = YES;
				GCC_WARN_UNUSED_VARIABLE = YES;
				IPHONEOS_DEPLOYMENT_TARGET = 16.2;
				MTL_ENABLE_DEBUG_INFO = NO;
				MTL_FAST_MATH = YES;
				SDKROOT = iphoneos;
				SWIFT_COMPILATION_MODE = wholemodule;
				SWIFT_OPTIMIZATION_LEVEL = "-O";
				VALIDATE_PRODUCT = YES;
			};
			name = Release;
		};
		22A4D0812A40802B00A06E4F /* Debug */ = {
			isa = XCBuildConfiguration;
			baseConfigurationReference = A71D7F53CE3E8B72C624EE5C /* Pods-WeatherApp.debug.xcconfig */;
			buildSettings = {
				ASSETCATALOG_COMPILER_APPICON_NAME = AppIcon;
				ASSETCATALOG_COMPILER_GLOBAL_ACCENT_COLOR_NAME = AccentColor;
				CODE_SIGN_STYLE = Automatic;
				CURRENT_PROJECT_VERSION = 1;
				DEVELOPMENT_TEAM = LQQV46U9NG;
				GENERATE_INFOPLIST_FILE = YES;
				INFOPLIST_FILE = WeatherApp/Info.plist;
				INFOPLIST_KEY_UIApplicationSupportsIndirectInputEvents = YES;
				INFOPLIST_KEY_UILaunchStoryboardName = LaunchScreen;
				INFOPLIST_KEY_UISupportedInterfaceOrientations_iPad = "UIInterfaceOrientationPortrait UIInterfaceOrientationPortraitUpsideDown UIInterfaceOrientationLandscapeLeft UIInterfaceOrientationLandscapeRight";
				INFOPLIST_KEY_UISupportedInterfaceOrientations_iPhone = "UIInterfaceOrientationPortrait UIInterfaceOrientationLandscapeLeft UIInterfaceOrientationLandscapeRight";
				LD_RUNPATH_SEARCH_PATHS = (
					"$(inherited)",
					"@executable_path/Frameworks",
				);
				MARKETING_VERSION = 1.0;
				PRODUCT_BUNDLE_IDENTIFIER = idap.WeatherApp;
				PRODUCT_NAME = "$(TARGET_NAME)";
				SWIFT_EMIT_LOC_STRINGS = YES;
				SWIFT_VERSION = 5.0;
				TARGETED_DEVICE_FAMILY = "1,2";
			};
			name = Debug;
		};
		22A4D0822A40802B00A06E4F /* Release */ = {
			isa = XCBuildConfiguration;
			baseConfigurationReference = B5C017E8FE04DD83C6653CA2 /* Pods-WeatherApp.release.xcconfig */;
			buildSettings = {
				ASSETCATALOG_COMPILER_APPICON_NAME = AppIcon;
				ASSETCATALOG_COMPILER_GLOBAL_ACCENT_COLOR_NAME = AccentColor;
				CODE_SIGN_STYLE = Automatic;
				CURRENT_PROJECT_VERSION = 1;
				DEVELOPMENT_TEAM = LQQV46U9NG;
				GENERATE_INFOPLIST_FILE = YES;
				INFOPLIST_FILE = WeatherApp/Info.plist;
				INFOPLIST_KEY_UIApplicationSupportsIndirectInputEvents = YES;
				INFOPLIST_KEY_UILaunchStoryboardName = LaunchScreen;
				INFOPLIST_KEY_UISupportedInterfaceOrientations_iPad = "UIInterfaceOrientationPortrait UIInterfaceOrientationPortraitUpsideDown UIInterfaceOrientationLandscapeLeft UIInterfaceOrientationLandscapeRight";
				INFOPLIST_KEY_UISupportedInterfaceOrientations_iPhone = "UIInterfaceOrientationPortrait UIInterfaceOrientationLandscapeLeft UIInterfaceOrientationLandscapeRight";
				LD_RUNPATH_SEARCH_PATHS = (
					"$(inherited)",
					"@executable_path/Frameworks",
				);
				MARKETING_VERSION = 1.0;
				PRODUCT_BUNDLE_IDENTIFIER = idap.WeatherApp;
				PRODUCT_NAME = "$(TARGET_NAME)";
				SWIFT_EMIT_LOC_STRINGS = YES;
				SWIFT_VERSION = 5.0;
				TARGETED_DEVICE_FAMILY = "1,2";
			};
			name = Release;
		};
/* End XCBuildConfiguration section */

/* Begin XCConfigurationList section */
		22A4D0672A40802B00A06E4F /* Build configuration list for PBXProject "WeatherApp" */ = {
			isa = XCConfigurationList;
			buildConfigurations = (
				22A4D07E2A40802B00A06E4F /* Debug */,
				22A4D07F2A40802B00A06E4F /* Release */,
			);
			defaultConfigurationIsVisible = 0;
			defaultConfigurationName = Release;
		};
		22A4D0802A40802B00A06E4F /* Build configuration list for PBXNativeTarget "WeatherApp" */ = {
			isa = XCConfigurationList;
			buildConfigurations = (
				22A4D0812A40802B00A06E4F /* Debug */,
				22A4D0822A40802B00A06E4F /* Release */,
			);
			defaultConfigurationIsVisible = 0;
			defaultConfigurationName = Release;
		};
/* End XCConfigurationList section */
	};
	rootObject = 22A4D0642A40802B00A06E4F /* Project object */;
}
